
Microsoft Visual Studio Solution File, Format Version 12.00
# Visual Studio Version 16
VisualStudioVersion = 16.0.30503.244
MinimumVisualStudioVersion = 10.0.40219.1
Project("{FAE04EC0-301F-11D3-BF4B-00C04F79EFBC}") = "Daily_Report", "Daily_Report\Daily_Report.csproj", "{3D294452-F752-4E54-9BEA-A012540B04B8}"
EndProject
Global
	GlobalSection(SolutionConfigurationPlatforms) = preSolution
		Debug|Any CPU = Debug|Any CPU
		Release|Any CPU = Release|Any CPU
	EndGlobalSection
	GlobalSection(ProjectConfigurationPlatforms) = postSolution
		{3D294452-F752-4E54-9BEA-A012540B04B8}.Debug|Any CPU.ActiveCfg = Debug|Any CPU
		{3D294452-F752-4E54-9BEA-A012540B04B8}.Debug|Any CPU.Build.0 = Debug|Any CPU
		{3D294452-F752-4E54-9BEA-A012540B04B8}.Release|Any CPU.ActiveCfg = Release|Any CPU
		{3D294452-F752-4E54-9BEA-A012540B04B8}.Release|Any CPU.Build.0 = Release|Any CPU
	EndGlobalSection
	GlobalSection(SolutionProperties) = preSolution
		HideSolutionNode = FALSE
	EndGlobalSection
	GlobalSection(ExtensibilityGlobals) = postSolution
		SolutionGuid = {FA7F1B03-F66F-40C9-BD5B-46EAF938F29D}
	EndGlobalSection
EndGlobal
