
Microsoft Visual Studio Solution File, Format Version 12.00
# Visual Studio Version 16
VisualStudioVersion = 16.0.30503.244
MinimumVisualStudioVersion = 10.0.40219.1
Project("{FAE04EC0-301F-11D3-BF4B-00C04F79EFBC}") = "Void_Method", "Void_Method.csproj", "{AE14FC11-C227-4D1F-BF2E-1C24D32FDB26}"
EndProject
Global
	GlobalSection(SolutionConfigurationPlatforms) = preSolution
		Debug|Any CPU = Debug|Any CPU
		Release|Any CPU = Release|Any CPU
	EndGlobalSection
	GlobalSection(ProjectConfigurationPlatforms) = postSolution
		{AE14FC11-C227-4D1F-BF2E-1C24D32FDB26}.Debug|Any CPU.ActiveCfg = Debug|Any CPU
		{AE14FC11-C227-4D1F-BF2E-1C24D32FDB26}.Debug|Any CPU.Build.0 = Debug|Any CPU
		{AE14FC11-C227-4D1F-BF2E-1C24D32FDB26}.Release|Any CPU.ActiveCfg = Release|Any CPU
		{AE14FC11-C227-4D1F-BF2E-1C24D32FDB26}.Release|Any CPU.Build.0 = Release|Any CPU
	EndGlobalSection
	GlobalSection(SolutionProperties) = preSolution
		HideSolutionNode = FALSE
	EndGlobalSection
	GlobalSection(ExtensibilityGlobals) = postSolution
		SolutionGuid = {8E4C55D4-913F-4D7C-A15F-37FD0EB4544B}
	EndGlobalSection
EndGlobal
