
Microsoft Visual Studio Solution File, Format Version 12.00
# Visual Studio Version 16
VisualStudioVersion = 16.0.30503.244
MinimumVisualStudioVersion = 10.0.40219.1
Project("{FAE04EC0-301F-11D3-BF4B-00C04F79EFBC}") = "AcmeAccounting", "AcmeAccounting\AcmeAccounting.csproj", "{C64B741A-7533-4327-AF7E-93E438E4DB53}"
EndProject
Global
	GlobalSection(SolutionConfigurationPlatforms) = preSolution
		Debug|Any CPU = Debug|Any CPU
		Release|Any CPU = Release|Any CPU
	EndGlobalSection
	GlobalSection(ProjectConfigurationPlatforms) = postSolution
		{C64B741A-7533-4327-AF7E-93E438E4DB53}.Debug|Any CPU.ActiveCfg = Debug|Any CPU
		{C64B741A-7533-4327-AF7E-93E438E4DB53}.Debug|Any CPU.Build.0 = Debug|Any CPU
		{C64B741A-7533-4327-AF7E-93E438E4DB53}.Release|Any CPU.ActiveCfg = Release|Any CPU
		{C64B741A-7533-4327-AF7E-93E438E4DB53}.Release|Any CPU.Build.0 = Release|Any CPU
	EndGlobalSection
	GlobalSection(SolutionProperties) = preSolution
		HideSolutionNode = FALSE
	EndGlobalSection
	GlobalSection(ExtensibilityGlobals) = postSolution
		SolutionGuid = {2988AEC0-ABC6-486E-BCDC-3BBC3B0F4EB5}
	EndGlobalSection
EndGlobal
