
Microsoft Visual Studio Solution File, Format Version 12.00
# Visual Studio Version 16
VisualStudioVersion = 16.0.30503.244
MinimumVisualStudioVersion = 10.0.40219.1
Project("{FAE04EC0-301F-11D3-BF4B-00C04F79EFBC}") = "Lambda_Expression", "Lambda_Expression.csproj", "{8BF56220-DF5A-433A-AF5F-2A55C124C544}"
EndProject
Global
	GlobalSection(SolutionConfigurationPlatforms) = preSolution
		Debug|Any CPU = Debug|Any CPU
		Release|Any CPU = Release|Any CPU
	EndGlobalSection
	GlobalSection(ProjectConfigurationPlatforms) = postSolution
		{8BF56220-DF5A-433A-AF5F-2A55C124C544}.Debug|Any CPU.ActiveCfg = Debug|Any CPU
		{8BF56220-DF5A-433A-AF5F-2A55C124C544}.Debug|Any CPU.Build.0 = Debug|Any CPU
		{8BF56220-DF5A-433A-AF5F-2A55C124C544}.Release|Any CPU.ActiveCfg = Release|Any CPU
		{8BF56220-DF5A-433A-AF5F-2A55C124C544}.Release|Any CPU.Build.0 = Release|Any CPU
	EndGlobalSection
	GlobalSection(SolutionProperties) = preSolution
		HideSolutionNode = FALSE
	EndGlobalSection
	GlobalSection(ExtensibilityGlobals) = postSolution
		SolutionGuid = {15639D60-4303-47B2-929D-A2024C987BD8}
	EndGlobalSection
EndGlobal
