
Microsoft Visual Studio Solution File, Format Version 12.00
# Visual Studio Version 16
VisualStudioVersion = 16.0.30503.244
MinimumVisualStudioVersion = 10.0.40219.1
Project("{FAE04EC0-301F-11D3-BF4B-00C04F79EFBC}") = "Exception_Handling", "Exception_Handling.csproj", "{A131F749-3F29-4E00-8580-A1C773A53BED}"
EndProject
Global
	GlobalSection(SolutionConfigurationPlatforms) = preSolution
		Debug|Any CPU = Debug|Any CPU
		Release|Any CPU = Release|Any CPU
	EndGlobalSection
	GlobalSection(ProjectConfigurationPlatforms) = postSolution
		{A131F749-3F29-4E00-8580-A1C773A53BED}.Debug|Any CPU.ActiveCfg = Debug|Any CPU
		{A131F749-3F29-4E00-8580-A1C773A53BED}.Debug|Any CPU.Build.0 = Debug|Any CPU
		{A131F749-3F29-4E00-8580-A1C773A53BED}.Release|Any CPU.ActiveCfg = Release|Any CPU
		{A131F749-3F29-4E00-8580-A1C773A53BED}.Release|Any CPU.Build.0 = Release|Any CPU
	EndGlobalSection
	GlobalSection(SolutionProperties) = preSolution
		HideSolutionNode = FALSE
	EndGlobalSection
	GlobalSection(ExtensibilityGlobals) = postSolution
		SolutionGuid = {248F8F53-FEA4-4B30-882C-5CA2D79C395D}
	EndGlobalSection
EndGlobal
